
Microsoft Visual Studio Solution File, Format Version 12.00
# Visual Studio Version 17
VisualStudioVersion = 17.3.32819.101
MinimumVisualStudioVersion = 10.0.40219.1
Project("{9A19103F-16F7-4668-BE54-9A1E7A4F7556}") = "QuizApp", "QuizApp\QuizApp.csproj", "{4742E3DA-EDBB-4093-8B9D-F8DAAEB7FDF0}"
EndProject
Global
	GlobalSection(SolutionConfigurationPlatforms) = preSolution
		Debug|Any CPU = Debug|Any CPU
		Release|Any CPU = Release|Any CPU
	EndGlobalSection
	GlobalSection(ProjectConfigurationPlatforms) = postSolution
		{4742E3DA-EDBB-4093-8B9D-F8DAAEB7FDF0}.Debug|Any CPU.ActiveCfg = Debug|Any CPU
		{4742E3DA-EDBB-4093-8B9D-F8DAAEB7FDF0}.Debug|Any CPU.Build.0 = Debug|Any CPU
		{4742E3DA-EDBB-4093-8B9D-F8DAAEB7FDF0}.Release|Any CPU.ActiveCfg = Release|Any CPU
		{4742E3DA-EDBB-4093-8B9D-F8DAAEB7FDF0}.Release|Any CPU.Build.0 = Release|Any CPU
	EndGlobalSection
	GlobalSection(SolutionProperties) = preSolution
		HideSolutionNode = FALSE
	EndGlobalSection
	GlobalSection(ExtensibilityGlobals) = postSolution
		SolutionGuid = {1A32A4BA-E35E-4C67-86E3-0569C3C7D006}
	EndGlobalSection
EndGlobal
